
Microsoft Visual Studio Solution File, Format Version 12.00
# Visual Studio Version 16
VisualStudioVersion = 16.0.30717.126
MinimumVisualStudioVersion = 10.0.40219.1
Project("{9A19103F-16F7-4668-BE54-9A1E7A4F7556}") = "Server", "ConsoleApp6\Server.csproj", "{6FBE836A-281B-41FF-AA8E-B1730D75BD75}"
EndProject
Project("{9A19103F-16F7-4668-BE54-9A1E7A4F7556}") = "ModelCourse", "ModelCourse\ModelCourse.csproj", "{6218672D-3D15-421D-8156-A9E44CBEFE96}"
EndProject
Global
	GlobalSection(SolutionConfigurationPlatforms) = preSolution
		Debug|Any CPU = Debug|Any CPU
		Release|Any CPU = Release|Any CPU
	EndGlobalSection
	GlobalSection(ProjectConfigurationPlatforms) = postSolution
		{6FBE836A-281B-41FF-AA8E-B1730D75BD75}.Debug|Any CPU.ActiveCfg = Debug|Any CPU
		{6FBE836A-281B-41FF-AA8E-B1730D75BD75}.Debug|Any CPU.Build.0 = Debug|Any CPU
		{6FBE836A-281B-41FF-AA8E-B1730D75BD75}.Release|Any CPU.ActiveCfg = Release|Any CPU
		{6FBE836A-281B-41FF-AA8E-B1730D75BD75}.Release|Any CPU.Build.0 = Release|Any CPU
		{6218672D-3D15-421D-8156-A9E44CBEFE96}.Debug|Any CPU.ActiveCfg = Debug|Any CPU
		{6218672D-3D15-421D-8156-A9E44CBEFE96}.Debug|Any CPU.Build.0 = Debug|Any CPU
		{6218672D-3D15-421D-8156-A9E44CBEFE96}.Release|Any CPU.ActiveCfg = Release|Any CPU
		{6218672D-3D15-421D-8156-A9E44CBEFE96}.Release|Any CPU.Build.0 = Release|Any CPU
	EndGlobalSection
	GlobalSection(SolutionProperties) = preSolution
		HideSolutionNode = FALSE
	EndGlobalSection
	GlobalSection(ExtensibilityGlobals) = postSolution
		SolutionGuid = {6050F3DE-6C50-4774-BB42-8A96672071BB}
	EndGlobalSection
EndGlobal
